Microsoft Visual Studio Solution File, Format Version 11.00
# Visual Studio 2008

Project("{613FC91C-7499-3AA7-CB5F-207441F5DB6F}") = "3DJourneyJonnyBall", "Assembly-CSharp.csproj", "{74D434E7-D609-E89F-61FA-634E5F9AC375}"
EndProject
Global
	GlobalSection(SolutionConfigurationPlatforms) = preSolution
		Debug|Any CPU = Debug|Any CPU
		Release|Any CPU = Release|Any CPU
	EndGlobalSection
	GlobalSection(ProjectConfigurationPlatforms) = postSolution
		{74D434E7-D609-E89F-61FA-634E5F9AC375}.Debug|Any CPU.ActiveCfg = Debug|Any CPU
		{74D434E7-D609-E89F-61FA-634E5F9AC375}.Debug|Any CPU.Build.0 = Debug|Any CPU
		{74D434E7-D609-E89F-61FA-634E5F9AC375}.Release|Any CPU.ActiveCfg = Release|Any CPU
		{74D434E7-D609-E89F-61FA-634E5F9AC375}.Release|Any CPU.Build.0 = Release|Any CPU
	EndGlobalSection
	GlobalSection(SolutionProperties) = preSolution
		HideSolutionNode = FALSE
	EndGlobalSection
	GlobalSection(MonoDevelopProperties) = preSolution
		StartupItem = Assembly-CSharp.csproj
	EndGlobalSection
EndGlobal
